
Microsoft Visual Studio Solution File, Format Version 12.00
# Visual Studio Version 17
VisualStudioVersion = 17.10.35013.160
MinimumVisualStudioVersion = 10.0.40219.1
Project("{FAE04EC0-301F-11D3-BF4B-00C04F79EFBC}") = "PRO131", "PRO131\PRO131.csproj", "{703019E2-1166-48FE-B774-22381605E69B}"
EndProject
Global
	GlobalSection(SolutionConfigurationPlatforms) = preSolution
		Debug|Any CPU = Debug|Any CPU
		Release|Any CPU = Release|Any CPU
	EndGlobalSection
	GlobalSection(ProjectConfigurationPlatforms) = postSolution
		{703019E2-1166-48FE-B774-22381605E69B}.Debug|Any CPU.ActiveCfg = Debug|Any CPU
		{703019E2-1166-48FE-B774-22381605E69B}.Debug|Any CPU.Build.0 = Debug|Any CPU
		{703019E2-1166-48FE-B774-22381605E69B}.Release|Any CPU.ActiveCfg = Release|Any CPU
		{703019E2-1166-48FE-B774-22381605E69B}.Release|Any CPU.Build.0 = Release|Any CPU
	EndGlobalSection
	GlobalSection(SolutionProperties) = preSolution
		HideSolutionNode = FALSE
	EndGlobalSection
	GlobalSection(ExtensibilityGlobals) = postSolution
		SolutionGuid = {019A8803-9EB1-4A9E-BD12-61B4F4B5C367}
	EndGlobalSection
EndGlobal
